// !$*UTF8*$!
{
	archiveVersion = 1;
	classes = {
	};
	objectVersion = 50;
	objects = {

/* Begin PBXBuildFile section */
		6ACA7BC9215AFD7B0042407D /* AppDelegate.swift in Sources */ = {isa = PBXBuildFile; fileRef = 6ACA7BC8215AFD7B0042407D /* AppDelegate.swift */; };
		6ACA7BCB215AFD7B0042407D /* ViewController.swift in Sources */ = {isa = PBXBuildFile; fileRef = 6ACA7BCA215AFD7B0042407D /* ViewController.swift */; };
		6ACA7BCE215AFD7B0042407D /* Main.storyboard in Resources */ = {isa = PBXBuildFile; fileRef = 6ACA7BCC215AFD7B0042407D /* Main.storyboard */; };
		6ACA7BD0215AFD7D0042407D /* Assets.xcassets in Resources */ = {isa = PBXBuildFile; fileRef = 6ACA7BCF215AFD7D0042407D /* Assets.xcassets */; };
		6ACA7BD3215AFD7D0042407D /* LaunchScreen.storyboard in Resources */ = {isa = PBXBuildFile; fileRef = 6ACA7BD1215AFD7D0042407D /* LaunchScreen.storyboard */; };
		6ACA7BDE215AFD7D0042407D /* Practica6_WebServicesTests.swift in Sources */ = {isa = PBXBuildFile; fileRef = 6ACA7BDD215AFD7D0042407D /* Practica6_WebServicesTests.swift */; };
		6ACA7BE9215AFD7D0042407D /* Practica6_WebServicesUITests.swift in Sources */ = {isa = PBXBuildFile; fileRef = 6ACA7BE8215AFD7D0042407D /* Practica6_WebServicesUITests.swift */; };
		6ACA7BF7215B220B0042407D /* UserViewController.swift in Sources */ = {isa = PBXBuildFile; fileRef = 6ACA7BF6215B220B0042407D /* UserViewController.swift */; };
		6ACA7BF9215B265E0042407D /* MapViewController.swift in Sources */ = {isa = PBXBuildFile; fileRef = 6ACA7BF8215B265E0042407D /* MapViewController.swift */; };
		6ACA7BFC215B27C30042407D /* MapKit.framework in Frameworks */ = {isa = PBXBuildFile; fileRef = 6ACA7BFB215B27C30042407D /* MapKit.framework */; };
/* End PBXBuildFile section */

/* Begin PBXContainerItemProxy section */
		6ACA7BDA215AFD7D0042407D /* PBXContainerItemProxy */ = {
			isa = PBXContainerItemProxy;
			containerPortal = 6ACA7BBD215AFD7A0042407D /* Project object */;
			proxyType = 1;
			remoteGlobalIDString = 6ACA7BC4215AFD7A0042407D;
			remoteInfo = "Practica6-WebServices";
		};
		6ACA7BE5215AFD7D0042407D /* PBXContainerItemProxy */ = {
			isa = PBXContainerItemProxy;
			containerPortal = 6ACA7BBD215AFD7A0042407D /* Project object */;
			proxyType = 1;
			remoteGlobalIDString = 6ACA7BC4215AFD7A0042407D;
			remoteInfo = "Practica6-WebServices";
		};
/* End PBXContainerItemProxy section */

/* Begin PBXFileReference section */
		6ACA7BC5215AFD7A0042407D /* Practica6-WebServices.app */ = {isa = PBXFileReference; explicitFileType = wrapper.application; includeInIndex = 0; path = "Practica6-WebServices.app"; sourceTree = BUILT_PRODUCTS_DIR; };
		6ACA7BC8215AFD7B0042407D /* AppDelegate.swift */ = {isa = PBXFileReference; lastKnownFileType = sourcecode.swift; path = AppDelegate.swift; sourceTree = "<group>"; };
		6ACA7BCA215AFD7B0042407D /* ViewController.swift */ = {isa = PBXFileReference; lastKnownFileType = sourcecode.swift; path = ViewController.swift; sourceTree = "<group>"; };
		6ACA7BCD215AFD7B0042407D /* Base */ = {isa = PBXFileReference; lastKnownFileType = file.storyboard; name = Base; path = Base.lproj/Main.storyboard; sourceTree = "<group>"; };
		6ACA7BCF215AFD7D0042407D /* Assets.xcassets */ = {isa = PBXFileReference; lastKnownFileType = folder.assetcatalog; path = Assets.xcassets; sourceTree = "<group>"; };
		6ACA7BD2215AFD7D0042407D /* Base */ = {isa = PBXFileReference; lastKnownFileType = file.storyboard; name = Base; path = Base.lproj/LaunchScreen.storyboard; sourceTree = "<group>"; };
		6ACA7BD4215AFD7D0042407D /* Info.plist */ = {isa = PBXFileReference; lastKnownFileType = text.plist.xml; path = Info.plist; sourceTree = "<group>"; };
		6ACA7BD9215AFD7D0042407D /* Practica6-WebServicesTests.xctest */ = {isa = PBXFileReference; explicitFileType = wrapper.cfbundle; includeInIndex = 0; path = "Practica6-WebServicesTests.xctest"; sourceTree = BUILT_PRODUCTS_DIR; };
		6ACA7BDD215AFD7D0042407D /* Practica6_WebServicesTests.swift */ = {isa = PBXFileReference; lastKnownFileType = sourcecode.swift; path = Practica6_WebServicesTests.swift; sourceTree = "<group>"; };
		6ACA7BDF215AFD7D0042407D /* Info.plist */ = {isa = PBXFileReference; lastKnownFileType = text.plist.xml; path = Info.plist; sourceTree = "<group>"; };
		6ACA7BE4215AFD7D0042407D /* Practica6-WebServicesUITests.xctest */ = {isa = PBXFileReference; explicitFileType = wrapper.cfbundle; includeInIndex = 0; path = "Practica6-WebServicesUITests.xctest"; sourceTree = BUILT_PRODUCTS_DIR; };
		6ACA7BE8215AFD7D0042407D /* Practica6_WebServicesUITests.swift */ = {isa = PBXFileReference; lastKnownFileType = sourcecode.swift; path = Practica6_WebServicesUITests.swift; sourceTree = "<group>"; };
		6ACA7BEA215AFD7D0042407D /* Info.plist */ = {isa = PBXFileReference; lastKnownFileType = text.plist.xml; path = Info.plist; sourceTree = "<group>"; };
		6ACA7BF6215B220B0042407D /* UserViewController.swift */ = {isa = PBXFileReference; lastKnownFileType = sourcecode.swift; path = UserViewController.swift; sourceTree = "<group>"; };
		6ACA7BF8215B265E0042407D /* MapViewController.swift */ = {isa = PBXFileReference; lastKnownFileType = sourcecode.swift; path = MapViewController.swift; sourceTree = "<group>"; };
		6ACA7BFB215B27C30042407D /* MapKit.framework */ = {isa = PBXFileReference; lastKnownFileType = wrapper.framework; name = MapKit.framework; path = System/Library/Frameworks/MapKit.framework; sourceTree = SDKROOT; };
/* End PBXFileReference section */

/* Begin PBXFrameworksBuildPhase section */
		6ACA7BC2215AFD7A0042407D /* Frameworks */ = {
			isa = PBXFrameworksBuildPhase;
			buildActionMask = 2147483647;
			files = (
				6ACA7BFC215B27C30042407D /* MapKit.framework in Frameworks */,
			);
			runOnlyForDeploymentPostprocessing = 0;
		};
		6ACA7BD6215AFD7D0042407D /* Frameworks */ = {
			isa = PBXFrameworksBuildPhase;
			buildActionMask = 2147483647;
			files = (
			);
			runOnlyForDeploymentPostprocessing = 0;
		};
		6ACA7BE1215AFD7D0042407D /* Frameworks */ = {
			isa = PBXFrameworksBuildPhase;
			buildActionMask = 2147483647;
			files = (
			);
			runOnlyForDeploymentPostprocessing = 0;
		};
/* End PBXFrameworksBuildPhase section */

/* Begin PBXGroup section */
		6ACA7BBC215AFD7A0042407D = {
			isa = PBXGroup;
			children = (
				6ACA7BC7215AFD7A0042407D /* Practica6-WebServices */,
				6ACA7BDC215AFD7D0042407D /* Practica6-WebServicesTests */,
				6ACA7BE7215AFD7D0042407D /* Practica6-WebServicesUITests */,
				6ACA7BC6215AFD7A0042407D /* Products */,
				6ACA7BFA215B27C30042407D /* Frameworks */,
			);
			sourceTree = "<group>";
		};
		6ACA7BC6215AFD7A0042407D /* Products */ = {
			isa = PBXGroup;
			children = (
				6ACA7BC5215AFD7A0042407D /* Practica6-WebServices.app */,
				6ACA7BD9215AFD7D0042407D /* Practica6-WebServicesTests.xctest */,
				6ACA7BE4215AFD7D0042407D /* Practica6-WebServicesUITests.xctest */,
			);
			name = Products;
			sourceTree = "<group>";
		};
		6ACA7BC7215AFD7A0042407D /* Practica6-WebServices */ = {
			isa = PBXGroup;
			children = (
				6ACA7BC8215AFD7B0042407D /* AppDelegate.swift */,
				6ACA7BCA215AFD7B0042407D /* ViewController.swift */,
				6ACA7BCC215AFD7B0042407D /* Main.storyboard */,
				6ACA7BCF215AFD7D0042407D /* Assets.xcassets */,
				6ACA7BD1215AFD7D0042407D /* LaunchScreen.storyboard */,
				6ACA7BD4215AFD7D0042407D /* Info.plist */,
				6ACA7BF6215B220B0042407D /* UserViewController.swift */,
				6ACA7BF8215B265E0042407D /* MapViewController.swift */,
			);
			path = "Practica6-WebServices";
			sourceTree = "<group>";
		};
		6ACA7BDC215AFD7D0042407D /* Practica6-WebServicesTests */ = {
			isa = PBXGroup;
			children = (
				6ACA7BDD215AFD7D0042407D /* Practica6_WebServicesTests.swift */,
				6ACA7BDF215AFD7D0042407D /* Info.plist */,
			);
			path = "Practica6-WebServicesTests";
			sourceTree = "<group>";
		};
		6ACA7BE7215AFD7D0042407D /* Practica6-WebServicesUITests */ = {
			isa = PBXGroup;
			children = (
				6ACA7BE8215AFD7D0042407D /* Practica6_WebServicesUITests.swift */,
				6ACA7BEA215AFD7D0042407D /* Info.plist */,
			);
			path = "Practica6-WebServicesUITests";
			sourceTree = "<group>";
		};
		6ACA7BFA215B27C30042407D /* Frameworks */ = {
			isa = PBXGroup;
			children = (
				6ACA7BFB215B27C30042407D /* MapKit.framework */,
			);
			name = Frameworks;
			sourceTree = "<group>";
		};
/* End PBXGroup section */

/* Begin PBXNativeTarget section */
		6ACA7BC4215AFD7A0042407D /* Practica6-WebServices */ = {
			isa = PBXNativeTarget;
			buildConfigurationList = 6ACA7BED215AFD7D0042407D /* Build configuration list for PBXNativeTarget "Practica6-WebServices" */;
			buildPhases = (
				6ACA7BC1215AFD7A0042407D /* Sources */,
				6ACA7BC2215AFD7A0042407D /* Frameworks */,
				6ACA7BC3215AFD7A0042407D /* Resources */,
			);
			buildRules = (
			);
			dependencies = (
			);
			name = "Practica6-WebServices";
			productName = "Practica6-WebServices";
			productReference = 6ACA7BC5215AFD7A0042407D /* Practica6-WebServices.app */;
			productType = "com.apple.product-type.application";
		};
		6ACA7BD8215AFD7D0042407D /* Practica6-WebServicesTests */ = {
			isa = PBXNativeTarget;
			buildConfigurationList = 6ACA7BF0215AFD7D0042407D /* Build configuration list for PBXNativeTarget "Practica6-WebServicesTests" */;
			buildPhases = (
				6ACA7BD5215AFD7D0042407D /* Sources */,
				6ACA7BD6215AFD7D0042407D /* Frameworks */,
				6ACA7BD7215AFD7D0042407D /* Resources */,
			);
			buildRules = (
			);
			dependencies = (
				6ACA7BDB215AFD7D0042407D /* PBXTargetDependency */,
			);
			name = "Practica6-WebServicesTests";
			productName = "Practica6-WebServicesTests";
			productReference = 6ACA7BD9215AFD7D0042407D /* Practica6-WebServicesTests.xctest */;
			productType = "com.apple.product-type.bundle.unit-test";
		};
		6ACA7BE3215AFD7D0042407D /* Practica6-WebServicesUITests */ = {
			isa = PBXNativeTarget;
			buildConfigurationList = 6ACA7BF3215AFD7D0042407D /* Build configuration list for PBXNativeTarget "Practica6-WebServicesUITests" */;
			buildPhases = (
				6ACA7BE0215AFD7D0042407D /* Sources */,
				6ACA7BE1215AFD7D0042407D /* Frameworks */,
				6ACA7BE2215AFD7D0042407D /* Resources */,
			);
			buildRules = (
			);
			dependencies = (
				6ACA7BE6215AFD7D0042407D /* PBXTargetDependency */,
			);
			name = "Practica6-WebServicesUITests";
			productName = "Practica6-WebServicesUITests";
			productReference = 6ACA7BE4215AFD7D0042407D /* Practica6-WebServicesUITests.xctest */;
			productType = "com.apple.product-type.bundle.ui-testing";
		};
/* End PBXNativeTarget section */

/* Begin PBXProject section */
		6ACA7BBD215AFD7A0042407D /* Project object */ = {
			isa = PBXProject;
			attributes = {
				LastSwiftUpdateCheck = 0940;
				LastUpgradeCheck = 0940;
				ORGANIZATIONNAME = Aldo;
				TargetAttributes = {
					6ACA7BC4215AFD7A0042407D = {
						CreatedOnToolsVersion = 9.4.1;
						SystemCapabilities = {
							com.apple.Maps.iOS = {
								enabled = 1;
							};
						};
					};
					6ACA7BD8215AFD7D0042407D = {
						CreatedOnToolsVersion = 9.4.1;
						TestTargetID = 6ACA7BC4215AFD7A0042407D;
					};
					6ACA7BE3215AFD7D0042407D = {
						CreatedOnToolsVersion = 9.4.1;
						TestTargetID = 6ACA7BC4215AFD7A0042407D;
					};
				};
			};
			buildConfigurationList = 6ACA7BC0215AFD7A0042407D /* Build configuration list for PBXProject "Practica6-WebServices" */;
			compatibilityVersion = "Xcode 9.3";
			developmentRegion = en;
			hasScannedForEncodings = 0;
			knownRegions = (
				en,
				Base,
			);
			mainGroup = 6ACA7BBC215AFD7A0042407D;
			productRefGroup = 6ACA7BC6215AFD7A0042407D /* Products */;
			projectDirPath = "";
			projectRoot = "";
			targets = (
				6ACA7BC4215AFD7A0042407D /* Practica6-WebServices */,
				6ACA7BD8215AFD7D0042407D /* Practica6-WebServicesTests */,
				6ACA7BE3215AFD7D0042407D /* Practica6-WebServicesUITests */,
			);
		};
/* End PBXProject section */

/* Begin PBXResourcesBuildPhase section */
		6ACA7BC3215AFD7A0042407D /* Resources */ = {
			isa = PBXResourcesBuildPhase;
			buildActionMask = 2147483647;
			files = (
				6ACA7BD3215AFD7D0042407D /* LaunchScreen.storyboard in Resources */,
				6ACA7BD0215AFD7D0042407D /* Assets.xcassets in Resources */,
				6ACA7BCE215AFD7B0042407D /* Main.storyboard in Resources */,
			);
			runOnlyForDeploymentPostprocessing = 0;
		};
		6ACA7BD7215AFD7D0042407D /* Resources */ = {
			isa = PBXResourcesBuildPhase;
			buildActionMask = 2147483647;
			files = (
			);
			runOnlyForDeploymentPostprocessing = 0;
		};
		6ACA7BE2215AFD7D0042407D /* Resources */ = {
			isa = PBXResourcesBuildPhase;
			buildActionMask = 2147483647;
			files = (
			);
			runOnlyForDeploymentPostprocessing = 0;
		};
/* End PBXResourcesBuildPhase section */

/* Begin PBXSourcesBuildPhase section */
		6ACA7BC1215AFD7A0042407D /* Sources */ = {
			isa = PBXSourcesBuildPhase;
			buildActionMask = 2147483647;
			files = (
				6ACA7BCB215AFD7B0042407D /* ViewController.swift in Sources */,
				6ACA7BF7215B220B0042407D /* UserViewController.swift in Sources */,
				6ACA7BC9215AFD7B0042407D /* AppDelegate.swift in Sources */,
				6ACA7BF9215B265E0042407D /* MapViewController.swift in Sources */,
			);
			runOnlyForDeploymentPostprocessing = 0;
		};
		6ACA7BD5215AFD7D0042407D /* Sources */ = {
			isa = PBXSourcesBuildPhase;
			buildActionMask = 2147483647;
			files = (
				6ACA7BDE215AFD7D0042407D /* Practica6_WebServicesTests.swift in Sources */,
			);
			runOnlyForDeploymentPostprocessing = 0;
		};
		6ACA7BE0215AFD7D0042407D /* Sources */ = {
			isa = PBXSourcesBuildPhase;
			buildActionMask = 2147483647;
			files = (
				6ACA7BE9215AFD7D0042407D /* Practica6_WebServicesUITests.swift in Sources */,
			);
			runOnlyForDeploymentPostprocessing = 0;
		};
/* End PBXSourcesBuildPhase section */

/* Begin PBXTargetDependency section */
		6ACA7BDB215AFD7D0042407D /* PBXTargetDependency */ = {
			isa = PBXTargetDependency;
			target = 6ACA7BC4215AFD7A0042407D /* Practica6-WebServices */;
			targetProxy = 6ACA7BDA215AFD7D0042407D /* PBXContainerItemProxy */;
		};
		6ACA7BE6215AFD7D0042407D /* PBXTargetDependency */ = {
			isa = PBXTargetDependency;
			target = 6ACA7BC4215AFD7A0042407D /* Practica6-WebServices */;
			targetProxy = 6ACA7BE5215AFD7D0042407D /* PBXContainerItemProxy */;
		};
/* End PBXTargetDependency section */

/* Begin PBXVariantGroup section */
		6ACA7BCC215AFD7B0042407D /* Main.storyboard */ = {
			isa = PBXVariantGroup;
			children = (
				6ACA7BCD215AFD7B0042407D /* Base */,
			);
			name = Main.storyboard;
			sourceTree = "<group>";
		};
		6ACA7BD1215AFD7D0042407D /* LaunchScreen.storyboard */ = {
			isa = PBXVariantGroup;
			children = (
				6ACA7BD2215AFD7D0042407D /* Base */,
			);
			name = LaunchScreen.storyboard;
			sourceTree = "<group>";
		};
/* End PBXVariantGroup section */

/* Begin XCBuildConfiguration section */
		6ACA7BEB215AFD7D0042407D /* Debug */ = {
			isa = XCBuildConfiguration;
			buildSettings = {
				ALWAYS_SEARCH_USER_PATHS = NO;
				CLANG_ANALYZER_NONNULL = YES;
				CLANG_ANALYZER_NUMBER_OBJECT_CONVERSION = YES_AGGRESSIVE;
				CLANG_CXX_LANGUAGE_STANDARD = "gnu++14";
				CLANG_CXX_LIBRARY = "libc++";
				CLANG_ENABLE_MODULES = YES;
				CLANG_ENABLE_OBJC_ARC = YES;
				CLANG_ENABLE_OBJC_WEAK = YES;
				CLANG_WARN_BLOCK_CAPTURE_AUTORELEASING = YES;
				CLANG_WARN_BOOL_CONVERSION = YES;
				CLANG_WARN_COMMA = YES;
				CLANG_WARN_CONSTANT_CONVERSION = YES;
				CLANG_WARN_DEPRECATED_OBJC_IMPLEMENTATIONS = YES;
				CLANG_WARN_DIRECT_OBJC_ISA_USAGE = YES_ERROR;
				CLANG_WARN_DOCUMENTATION_COMMENTS = YES;
				CLANG_WARN_EMPTY_BODY = YES;
				CLANG_WARN_ENUM_CONVERSION = YES;
				CLANG_WARN_INFINITE_RECURSION = YES;
				CLANG_WARN_INT_CONVERSION = YES;
				CLANG_WARN_NON_LITERAL_NULL_CONVERSION = YES;
				CLANG_WARN_OBJC_IMPLICIT_RETAIN_SELF = YES;
				CLANG_WARN_OBJC_LITERAL_CONVERSION = YES;
				CLANG_WARN_OBJC_ROOT_CLASS = YES_ERROR;
				CLANG_WARN_RANGE_LOOP_ANALYSIS = YES;
				CLANG_WARN_STRICT_PROTOTYPES = YES;
				CLANG_WARN_SUSPICIOUS_MOVE = YES;
				CLANG_WARN_UNGUARDED_AVAILABILITY = YES_AGGRESSIVE;
				CLANG_WARN_UNREACHABLE_CODE = YES;
				CLANG_WARN__DUPLICATE_METHOD_MATCH = YES;
				CODE_SIGN_IDENTITY = "iPhone Developer";
				COPY_PHASE_STRIP = NO;
				DEBUG_INFORMATION_FORMAT = dwarf;
				ENABLE_STRICT_OBJC_MSGSEND = YES;
				ENABLE_TESTABILITY = YES;
				GCC_C_LANGUAGE_STANDARD = gnu11;
				GCC_DYNAMIC_NO_PIC = NO;
				GCC_NO_COMMON_BLOCKS = YES;
				GCC_OPTIMIZATION_LEVEL = 0;
				GCC_PREPROCESSOR_DEFINITIONS = (
					"DEBUG=1",
					"$(inherited)",
				);
				GCC_WARN_64_TO_32_BIT_CONVERSION = YES;
				GCC_WARN_ABOUT_RETURN_TYPE = YES_ERROR;
				GCC_WARN_UNDECLARED_SELECTOR = YES;
				GCC_WARN_UNINITIALIZED_AUTOS = YES_AGGRESSIVE;
				GCC_WARN_UNUSED_FUNCTION = YES;
				GCC_WARN_UNUSED_VARIABLE = YES;
				IPHONEOS_DEPLOYMENT_TARGET = 11.4;
				MTL_ENABLE_DEBUG_INFO = YES;
				ONLY_ACTIVE_ARCH = YES;
				SDKROOT = iphoneos;
				SWIFT_ACTIVE_COMPILATION_CONDITIONS = DEBUG;
				SWIFT_OPTIMIZATION_LEVEL = "-Onone";
			};
			name = Debug;
		};
		6ACA7BEC215AFD7D0042407D /* Release */ = {
			isa = XCBuildConfiguration;
			buildSettings = {
				ALWAYS_SEARCH_USER_PATHS = NO;
				CLANG_ANALYZER_NONNULL = YES;
				CLANG_ANALYZER_NUMBER_OBJECT_CONVERSION = YES_AGGRESSIVE;
				CLANG_CXX_LANGUAGE_STANDARD = "gnu++14";
				CLANG_CXX_LIBRARY = "libc++";
				CLANG_ENABLE_MODULES = YES;
				CLANG_ENABLE_OBJC_ARC = YES;
				CLANG_ENABLE_OBJC_WEAK = YES;
				CLANG_WARN_BLOCK_CAPTURE_AUTORELEASING = YES;
				CLANG_WARN_BOOL_CONVERSION = YES;
				CLANG_WARN_COMMA = YES;
				CLANG_WARN_CONSTANT_CONVERSION = YES;
				CLANG_WARN_DEPRECATED_OBJC_IMPLEMENTATIONS = YES;
				CLANG_WARN_DIRECT_OBJC_ISA_USAGE = YES_ERROR;
				CLANG_WARN_DOCUMENTATION_COMMENTS = YES;
				CLANG_WARN_EMPTY_BODY = YES;
				CLANG_WARN_ENUM_CONVERSION = YES;
				CLANG_WARN_INFINITE_RECURSION = YES;
				CLANG_WARN_INT_CONVERSION = YES;
				CLANG_WARN_NON_LITERAL_NULL_CONVERSION = YES;
				CLANG_WARN_OBJC_IMPLICIT_RETAIN_SELF = YES;
				CLANG_WARN_OBJC_LITERAL_CONVERSION = YES;
				CLANG_WARN_OBJC_ROOT_CLASS = YES_ERROR;
				CLANG_WARN_RANGE_LOOP_ANALYSIS = YES;
				CLANG_WARN_STRICT_PROTOTYPES = YES;
				CLANG_WARN_SUSPICIOUS_MOVE = YES;
				CLANG_WARN_UNGUARDED_AVAILABILITY = YES_AGGRESSIVE;
				CLANG_WARN_UNREACHABLE_CODE = YES;
				CLANG_WARN__DUPLICATE_METHOD_MATCH = YES;
				CODE_SIGN_IDENTITY = "iPhone Developer";
				COPY_PHASE_STRIP = NO;
				DEBUG_INFORMATION_FORMAT = "dwarf-with-dsym";
				ENABLE_NS_ASSERTIONS = NO;
				ENABLE_STRICT_OBJC_MSGSEND = YES;
				GCC_C_LANGUAGE_STANDARD = gnu11;
				GCC_NO_COMMON_BLOCKS = YES;
				GCC_WARN_64_TO_32_BIT_CONVERSION = YES;
				GCC_WARN_ABOUT_RETURN_TYPE = YES_ERROR;
				GCC_WARN_UNDECLARED_SELECTOR = YES;
				GCC_WARN_UNINITIALIZED_AUTOS = YES_AGGRESSIVE;
				GCC_WARN_UNUSED_FUNCTION = YES;
				GCC_WARN_UNUSED_VARIABLE = YES;
				IPHONEOS_DEPLOYMENT_TARGET = 11.4;
				MTL_ENABLE_DEBUG_INFO = NO;
				SDKROOT = iphoneos;
				SWIFT_COMPILATION_MODE = wholemodule;
				SWIFT_OPTIMIZATION_LEVEL = "-O";
				VALIDATE_PRODUCT = YES;
			};
			name = Release;
		};
		6ACA7BEE215AFD7D0042407D /* Debug */ = {
			isa = XCBuildConfiguration;
			buildSettings = {
				ASSETCATALOG_COMPILER_APPICON_NAME = AppIcon;
				CODE_SIGN_STYLE = Automatic;
				DEVELOPMENT_TEAM = SCL98AP6MS;
				INFOPLIST_FILE = "Practica6-WebServices/Info.plist";
				LD_RUNPATH_SEARCH_PATHS = (
					"$(inherited)",
					"@executable_path/Frameworks",
				);
				PRODUCT_BUNDLE_IDENTIFIER = "com.glassproject.Practica6-WebServices";
				PRODUCT_NAME = "$(TARGET_NAME)";
				SWIFT_VERSION = 4.0;
				TARGETED_DEVICE_FAMILY = "1,2";
			};
			name = Debug;
		};
		6ACA7BEF215AFD7D0042407D /* Release */ = {
			isa = XCBuildConfiguration;
			buildSettings = {
				ASSETCATALOG_COMPILER_APPICON_NAME = AppIcon;
				CODE_SIGN_STYLE = Automatic;
				DEVELOPMENT_TEAM = SCL98AP6MS;
				INFOPLIST_FILE = "Practica6-WebServices/Info.plist";
				LD_RUNPATH_SEARCH_PATHS = (
					"$(inherited)",
					"@executable_path/Frameworks",
				);
				PRODUCT_BUNDLE_IDENTIFIER = "com.glassproject.Practica6-WebServices";
				PRODUCT_NAME = "$(TARGET_NAME)";
				SWIFT_VERSION = 4.0;
				TARGETED_DEVICE_FAMILY = "1,2";
			};
			name = Release;
		};
		6ACA7BF1215AFD7D0042407D /* Debug */ = {
			isa = XCBuildConfiguration;
			buildSettings = {
				ALWAYS_EMBED_SWIFT_STANDARD_LIBRARIES = YES;
				BUNDLE_LOADER = "$(TEST_HOST)";
				CODE_SIGN_STYLE = Automatic;
				DEVELOPMENT_TEAM = SCL98AP6MS;
				INFOPLIST_FILE = "Practica6-WebServicesTests/Info.plist";
				LD_RUNPATH_SEARCH_PATHS = (
					"$(inherited)",
					"@executable_path/Frameworks",
					"@loader_path/Frameworks",
				);
				PRODUCT_BUNDLE_IDENTIFIER = "com.glassproject.Practica6-WebServicesTests";
				PRODUCT_NAME = "$(TARGET_NAME)";
				SWIFT_VERSION = 4.0;
				TARGETED_DEVICE_FAMILY = "1,2";
				TEST_HOST = "$(BUILT_PRODUCTS_DIR)/Practica6-WebServices.app/Practica6-WebServices";
			};
			name = Debug;
		};
		6ACA7BF2215AFD7D0042407D /* Release */ = {
			isa = XCBuildConfiguration;
			buildSettings = {
				ALWAYS_EMBED_SWIFT_STANDARD_LIBRARIES = YES;
				BUNDLE_LOADER = "$(TEST_HOST)";
				CODE_SIGN_STYLE = Automatic;
				DEVELOPMENT_TEAM = SCL98AP6MS;
				INFOPLIST_FILE = "Practica6-WebServicesTests/Info.plist";
				LD_RUNPATH_SEARCH_PATHS = (
					"$(inherited)",
					"@executable_path/Frameworks",
					"@loader_path/Frameworks",
				);
				PRODUCT_BUNDLE_IDENTIFIER = "com.glassproject.Practica6-WebServicesTests";
				PRODUCT_NAME = "$(TARGET_NAME)";
				SWIFT_VERSION = 4.0;
				TARGETED_DEVICE_FAMILY = "1,2";
				TEST_HOST = "$(BUILT_PRODUCTS_DIR)/Practica6-WebServices.app/Practica6-WebServices";
			};
			name = Release;
		};
		6ACA7BF4215AFD7D0042407D /* Debug */ = {
			isa = XCBuildConfiguration;
			buildSettings = {
				ALWAYS_EMBED_SWIFT_STANDARD_LIBRARIES = YES;
				CODE_SIGN_STYLE = Automatic;
				DEVELOPMENT_TEAM = SCL98AP6MS;
				INFOPLIST_FILE = "Practica6-WebServicesUITests/Info.plist";
				LD_RUNPATH_SEARCH_PATHS = (
					"$(inherited)",
					"@executable_path/Frameworks",
					"@loader_path/Frameworks",
				);
				PRODUCT_BUNDLE_IDENTIFIER = "com.glassproject.Practica6-WebServicesUITests";
				PRODUCT_NAME = "$(TARGET_NAME)";
				SWIFT_VERSION = 4.0;
				TARGETED_DEVICE_FAMILY = "1,2";
				TEST_TARGET_NAME = "Practica6-WebServices";
			};
			name = Debug;
		};
		6ACA7BF5215AFD7D0042407D /* Release */ = {
			isa = XCBuildConfiguration;
			buildSettings = {
				ALWAYS_EMBED_SWIFT_STANDARD_LIBRARIES = YES;
				CODE_SIGN_STYLE = Automatic;
				DEVELOPMENT_TEAM = SCL98AP6MS;
				INFOPLIST_FILE = "Practica6-WebServicesUITests/Info.plist";
				LD_RUNPATH_SEARCH_PATHS = (
					"$(inherited)",
					"@executable_path/Frameworks",
					"@loader_path/Frameworks",
				);
				PRODUCT_BUNDLE_IDENTIFIER = "com.glassproject.Practica6-WebServicesUITests";
				PRODUCT_NAME = "$(TARGET_NAME)";
				SWIFT_VERSION = 4.0;
				TARGETED_DEVICE_FAMILY = "1,2";
				TEST_TARGET_NAME = "Practica6-WebServices";
			};
			name = Release;
		};
/* End XCBuildConfiguration section */

/* Begin XCConfigurationList section */
		6ACA7BC0215AFD7A0042407D /* Build configuration list for PBXProject "Practica6-WebServices" */ = {
			isa = XCConfigurationList;
			buildConfigurations = (
				6ACA7BEB215AFD7D0042407D /* Debug */,
				6ACA7BEC215AFD7D0042407D /* Release */,
			);
			defaultConfigurationIsVisible = 0;
			defaultConfigurationName = Release;
		};
		6ACA7BED215AFD7D0042407D /* Build configuration list for PBXNativeTarget "Practica6-WebServices" */ = {
			isa = XCConfigurationList;
			buildConfigurations = (
				6ACA7BEE215AFD7D0042407D /* Debug */,
				6ACA7BEF215AFD7D0042407D /* Release */,
			);
			defaultConfigurationIsVisible = 0;
			defaultConfigurationName = Release;
		};
		6ACA7BF0215AFD7D0042407D /* Build configuration list for PBXNativeTarget "Practica6-WebServicesTests" */ = {
			isa = XCConfigurationList;
			buildConfigurations = (
				6ACA7BF1215AFD7D0042407D /* Debug */,
				6ACA7BF2215AFD7D0042407D /* Release */,
			);
			defaultConfigurationIsVisible = 0;
			defaultConfigurationName = Release;
		};
		6ACA7BF3215AFD7D0042407D /* Build configuration list for PBXNativeTarget "Practica6-WebServicesUITests" */ = {
			isa = XCConfigurationList;
			buildConfigurations = (
				6ACA7BF4215AFD7D0042407D /* Debug */,
				6ACA7BF5215AFD7D0042407D /* Release */,
			);
			defaultConfigurationIsVisible = 0;
			defaultConfigurationName = Release;
		};
/* End XCConfigurationList section */
	};
	rootObject = 6ACA7BBD215AFD7A0042407D /* Project object */;
}
